
Microsoft Visual Studio Solution File, Format Version 12.00
# Visual Studio Version 17
VisualStudioVersion = 17.11.35312.102
MinimumVisualStudioVersion = 10.0.40219.1
Project("{FAE04EC0-301F-11D3-BF4B-00C04F79EFBC}") = "ForwardCheckingOrar", "ForwardCheckingOrar\ForwardCheckingOrar.csproj", "{0747F501-FD99-4DC1-81F1-54AEF08B54F7}"
EndProject
Global
	GlobalSection(SolutionConfigurationPlatforms) = preSolution
		Debug|Any CPU = Debug|Any CPU
		Release|Any CPU = Release|Any CPU
	EndGlobalSection
	GlobalSection(ProjectConfigurationPlatforms) = postSolution
		{0747F501-FD99-4DC1-81F1-54AEF08B54F7}.Debug|Any CPU.ActiveCfg = Debug|Any CPU
		{0747F501-FD99-4DC1-81F1-54AEF08B54F7}.Debug|Any CPU.Build.0 = Debug|Any CPU
		{0747F501-FD99-4DC1-81F1-54AEF08B54F7}.Release|Any CPU.ActiveCfg = Release|Any CPU
		{0747F501-FD99-4DC1-81F1-54AEF08B54F7}.Release|Any CPU.Build.0 = Release|Any CPU
	EndGlobalSection
	GlobalSection(SolutionProperties) = preSolution
		HideSolutionNode = FALSE
	EndGlobalSection
	GlobalSection(ExtensibilityGlobals) = postSolution
		SolutionGuid = {5DF90E32-2CA4-448B-ABFC-B5FD08AEC149}
	EndGlobalSection
EndGlobal
